
Microsoft Visual Studio Solution File, Format Version 12.00
# Visual Studio Version 17
VisualStudioVersion = 17.0.31919.166
MinimumVisualStudioVersion = 10.0.40219.1
Project("{FAE04EC0-301F-11D3-BF4B-00C04F79EFBC}") = "Final WebAPI V2", "Final WebAPI V2\Final WebAPI V2.csproj", "{5E0ED83D-DEFC-4DD0-B327-6C2ED3567575}"
EndProject
Global
	GlobalSection(SolutionConfigurationPlatforms) = preSolution
		Debug|Any CPU = Debug|Any CPU
		Release|Any CPU = Release|Any CPU
	EndGlobalSection
	GlobalSection(ProjectConfigurationPlatforms) = postSolution
		{5E0ED83D-DEFC-4DD0-B327-6C2ED3567575}.Debug|Any CPU.ActiveCfg = Debug|Any CPU
		{5E0ED83D-DEFC-4DD0-B327-6C2ED3567575}.Debug|Any CPU.Build.0 = Debug|Any CPU
		{5E0ED83D-DEFC-4DD0-B327-6C2ED3567575}.Release|Any CPU.ActiveCfg = Release|Any CPU
		{5E0ED83D-DEFC-4DD0-B327-6C2ED3567575}.Release|Any CPU.Build.0 = Release|Any CPU
	EndGlobalSection
	GlobalSection(SolutionProperties) = preSolution
		HideSolutionNode = FALSE
	EndGlobalSection
	GlobalSection(ExtensibilityGlobals) = postSolution
		SolutionGuid = {F7897941-EA1D-4808-9DE6-20A4C3F567AC}
	EndGlobalSection
EndGlobal
